
Microsoft Visual Studio Solution File, Format Version 11.00
# Visual Studio 2010
Project("{FAE04EC0-301F-11D3-BF4B-00C04F79EFBC}") = "Ionic.Zlib", "Ionic.Zlib\Ionic.Zlib.csproj", "{E107A4C0-5621-4F8C-B39C-BEFDD2BC05F0}"
EndProject
Global
	GlobalSection(SolutionConfigurationPlatforms) = preSolution
		Debug|Any CPU = Debug|Any CPU
		Release|Any CPU = Release|Any CPU
	EndGlobalSection
	GlobalSection(ProjectConfigurationPlatforms) = postSolution
		{E107A4C0-5621-4F8C-B39C-BEFDD2BC05F0}.Debug|Any CPU.ActiveCfg = Debug|Any CPU
		{E107A4C0-5621-4F8C-B39C-BEFDD2BC05F0}.Debug|Any CPU.Build.0 = Debug|Any CPU
		{E107A4C0-5621-4F8C-B39C-BEFDD2BC05F0}.Release|Any CPU.ActiveCfg = Release|Any CPU
		{E107A4C0-5621-4F8C-B39C-BEFDD2BC05F0}.Release|Any CPU.Build.0 = Release|Any CPU
	EndGlobalSection
	GlobalSection(MonoDevelopProperties) = preSolution
		StartupItem = Ionic.Zlib\Ionic.Zlib.csproj
	EndGlobalSection
EndGlobal
